{
    "_readme": [
        "This file locks the dependencies of your project to a known state",
        "Read more about it at https://getcomposer.org/doc/01-basic-usage.md#installing-dependencies",
        "This file is @generated automatically"
    ],
    "content-hash": "8242c5e0816b9f4cc481a9c3e99abf4d",
    "packages": [
        {
            "name": "dompdf/dompdf",
            "version": "v3.1.5",
            "source": {
                "type": "git",
                "url": "https://github.com/dompdf/dompdf.git",
                "reference": "f11ead23a8a76d0ff9bbc6c7c8fd7e05ca328496"
            },
            "dist": {
                "type": "zip",
                "url": "https://api.github.com/repos/dompdf/dompdf/zipball/f11ead23a8a76d0ff9bbc6c7c8fd7e05ca328496",
                "reference": "f11ead23a8a76d0ff9bbc6c7c8fd7e05ca328496",
                "shasum": ""
            },
            "require": {
                "dompdf/php-font-lib": "^1.0.0",
                "dompdf/php-svg-lib": "^1.0.0",
                "ext-dom": "*",
                "ext-mbstring": "*",
                "masterminds/html5": "^2.0",
                "php": "^7.1 || ^8.0"
            },
            "require-dev": {
                "ext-gd": "*",
                "ext-json": "*",
                "ext-zip": "*",
                "mockery/mockery": "^1.3",
                "phpunit/phpunit": "^7.5 || ^8 || ^9 || ^10 || ^11",
                "squizlabs/php_codesniffer": "^3.5",
                "symfony/process": "^4.4 || ^5.4 || ^6.2 || ^7.0"
            },
            "suggest": {
                "ext-gd": "Needed to process images",
                "ext-gmagick": "Improves image processing performance",
                "ext-imagick": "Improves image processing performance",
                "ext-zlib": "Needed for pdf stream compression"
            },
            "type": "library",
            "autoload": {
                "psr-4": {
                    "Dompdf\\": "src/"
                },
                "classmap": [
                    "lib/"
                ]
            },
            "notification-url": "https://packagist.org/downloads/",
            "license": [
                "LGPL-2.1"
            ],
            "authors": [
                {
                    "name": "The Dompdf Community",
                    "homepage": "https://github.com/dompdf/dompdf/blob/master/AUTHORS.md"
                }
            ],
            "description": "DOMPDF is a CSS 2.1 compliant HTML to PDF converter",
            "homepage": "https://github.com/dompdf/dompdf",
            "support": {
                "issues": "https://github.com/dompdf/dompdf/issues",
                "source": "https://github.com/dompdf/dompdf/tree/v3.1.5"
            },
            "time": "2026-03-03T13:54:37+00:00"
        },
        {
            "name": "dompdf/php-font-lib",
            "version": "1.0.2",
            "source": {
                "type": "git",
                "url": "https://github.com/dompdf/php-font-lib.git",
                "reference": "a6e9a688a2a80016ac080b97be73d3e10c444c9a"
            },
            "dist": {
                "type": "zip",
                "url": "https://api.github.com/repos/dompdf/php-font-lib/zipball/a6e9a688a2a80016ac080b97be73d3e10c444c9a",
                "reference": "a6e9a688a2a80016ac080b97be73d3e10c444c9a",
                "shasum": ""
            },
            "require": {
                "ext-mbstring": "*",
                "php": "^7.1 || ^8.0"
            },
            "require-dev": {
                "phpunit/phpunit": "^7.5 || ^8 || ^9 || ^10 || ^11 || ^12"
            },
            "type": "library",
            "autoload": {
                "psr-4": {
                    "FontLib\\": "src/FontLib"
                }
            },
            "notification-url": "https://packagist.org/downloads/",
            "license": [
                "LGPL-2.1-or-later"
            ],
            "authors": [
                {
                    "name": "The FontLib Community",
                    "homepage": "https://github.com/dompdf/php-font-lib/blob/master/AUTHORS.md"
                }
            ],
            "description": "A library to read, parse, export and make subsets of different types of font files.",
            "homepage": "https://github.com/dompdf/php-font-lib",
            "support": {
                "issues": "https://github.com/dompdf/php-font-lib/issues",
                "source": "https://github.com/dompdf/php-font-lib/tree/1.0.2"
            },
            "time": "2026-01-20T14:10:26+00:00"
        },
        {
            "name": "dompdf/php-svg-lib",
            "version": "1.0.2",
            "source": {
                "type": "git",
                "url": "https://github.com/dompdf/php-svg-lib.git",
                "reference": "8259ffb930817e72b1ff1caef5d226501f3dfeb1"
            },
            "dist": {
                "type": "zip",
                "url": "https://api.github.com/repos/dompdf/php-svg-lib/zipball/8259ffb930817e72b1ff1caef5d226501f3dfeb1",
                "reference": "8259ffb930817e72b1ff1caef5d226501f3dfeb1",
                "shasum": ""
            },
            "require": {
                "ext-mbstring": "*",
                "php": "^7.1 || ^8.0",
                "sabberworm/php-css-parser": "^8.4 || ^9.0"
            },
            "require-dev": {
                "phpunit/phpunit": "^7.5 || ^8 || ^9 || ^10 || ^11"
            },
            "type": "library",
            "autoload": {
                "psr-4": {
                    "Svg\\": "src/Svg"
                }
            },
            "notification-url": "https://packagist.org/downloads/",
            "license": [
                "LGPL-3.0-or-later"
            ],
            "authors": [
                {
                    "name": "The SvgLib Community",
                    "homepage": "https://github.com/dompdf/php-svg-lib/blob/master/AUTHORS.md"
                }
            ],
            "description": "A library to read, parse and export to PDF SVG files.",
            "homepage": "https://github.com/dompdf/php-svg-lib",
            "support": {
                "issues": "https://github.com/dompdf/php-svg-lib/issues",
                "source": "https://github.com/dompdf/php-svg-lib/tree/1.0.2"
            },
            "time": "2026-01-02T16:01:13+00:00"
        },
        {
            "name": "eluceo/ical",
            "version": "2.14.0",
            "source": {
                "type": "git",
                "url": "https://github.com/markuspoerschke/iCal.git",
                "reference": "3123533f7ff0af015da1d788476204f936d18135"
            },
            "dist": {
                "type": "zip",
                "url": "https://api.github.com/repos/markuspoerschke/iCal/zipball/3123533f7ff0af015da1d788476204f936d18135",
                "reference": "3123533f7ff0af015da1d788476204f936d18135",
                "shasum": ""
            },
            "require": {
                "ext-mbstring": "*",
                "php": ">=7.4 || ~8.0.0 || ~8.1.0 || ~8.2.0 || ~8.3.0",
                "symfony/deprecation-contracts": "^2.1 || ^3.0"
            },
            "conflict": {
                "php": "7.4.6"
            },
            "require-dev": {
                "ergebnis/composer-normalize": "^2.23.1",
                "friendsofphp/php-cs-fixer": "^3.4",
                "infection/infection": "^0.23 || ^0.26 || ^0.27",
                "phpmd/phpmd": "^2.13",
                "phpunit/phpunit": "^9.5",
                "vimeo/psalm": "^4.8 || ^5.0"
            },
            "type": "library",
            "autoload": {
                "psr-4": {
                    "Eluceo\\iCal\\": "src/"
                }
            },
            "notification-url": "https://packagist.org/downloads/",
            "license": [
                "MIT"
            ],
            "authors": [
                {
                    "name": "Markus Poerschke",
                    "email": "markus@poerschke.nrw",
                    "role": "Developer"
                }
            ],
            "description": "The eluceo/iCal package offers an abstraction layer for creating iCalendars. You can easily create iCal files by using PHP objects instead of typing your *.ics file by hand. The output will follow RFC 5545 as best as possible.",
            "homepage": "https://github.com/markuspoerschke/iCal",
            "keywords": [
                "calendar",
                "iCalendar",
                "ical",
                "ics",
                "php calendar"
            ],
            "support": {
                "docs": "https://ical.poerschke.nrw",
                "forum": "https://github.com/markuspoerschke/iCal/discussions",
                "issues": "https://github.com/markuspoerschke/iCal/issues",
                "source": "https://github.com/markuspoerschke/iCal"
            },
            "time": "2024-07-11T22:33:13+00:00"
        },
        {
            "name": "masterminds/html5",
            "version": "2.10.1",
            "source": {
                "type": "git",
                "url": "https://github.com/Masterminds/html5-php.git",
                "reference": "fd5018f6815fff903946d0564977b44ce8010e29"
            },
            "dist": {
                "type": "zip",
                "url": "https://api.github.com/repos/Masterminds/html5-php/zipball/fd5018f6815fff903946d0564977b44ce8010e29",
                "reference": "fd5018f6815fff903946d0564977b44ce8010e29",
                "shasum": ""
            },
            "require": {
                "ext-dom": "*",
                "php": ">=5.3.0"
            },
            "require-dev": {
                "phpunit/phpunit": "^4.8.35 || ^5.7.21 || ^6 || ^7 || ^8 || ^9 || ^10"
            },
            "type": "library",
            "extra": {
                "branch-alias": {
                    "dev-master": "2.7-dev"
                }
            },
            "autoload": {
                "psr-4": {
                    "Masterminds\\": "src"
                }
            },
            "notification-url": "https://packagist.org/downloads/",
            "license": [
                "MIT"
            ],
            "authors": [
                {
                    "name": "Matt Butcher",
                    "email": "technosophos@gmail.com"
                },
                {
                    "name": "Matt Farina",
                    "email": "matt@mattfarina.com"
                },
                {
                    "name": "Asmir Mustafic",
                    "email": "goetas@gmail.com"
                }
            ],
            "description": "An HTML5 parser and serializer.",
            "homepage": "http://masterminds.github.io/html5-php",
            "keywords": [
                "HTML5",
                "dom",
                "html",
                "parser",
                "querypath",
                "serializer",
                "xml"
            ],
            "support": {
                "issues": "https://github.com/Masterminds/html5-php/issues",
                "source": "https://github.com/Masterminds/html5-php/tree/2.10.1"
            },
            "time": "2026-06-23T18:43:15+00:00"
        },
        {
            "name": "phpmailer/phpmailer",
            "version": "v6.12.0",
            "source": {
                "type": "git",
                "url": "https://github.com/PHPMailer/PHPMailer.git",
                "reference": "d1ac35d784bf9f5e61b424901d5a014967f15b12"
            },
            "dist": {
                "type": "zip",
                "url": "https://api.github.com/repos/PHPMailer/PHPMailer/zipball/d1ac35d784bf9f5e61b424901d5a014967f15b12",
                "reference": "d1ac35d784bf9f5e61b424901d5a014967f15b12",
                "shasum": ""
            },
            "require": {
                "ext-ctype": "*",
                "ext-filter": "*",
                "ext-hash": "*",
                "php": ">=5.5.0"
            },
            "require-dev": {
                "dealerdirect/phpcodesniffer-composer-installer": "^1.0",
                "doctrine/annotations": "^1.2.6 || ^1.13.3",
                "php-parallel-lint/php-console-highlighter": "^1.0.0",
                "php-parallel-lint/php-parallel-lint": "^1.3.2",
                "phpcompatibility/php-compatibility": "^9.3.5",
                "roave/security-advisories": "dev-latest",
                "squizlabs/php_codesniffer": "^3.7.2",
                "yoast/phpunit-polyfills": "^1.0.4"
            },
            "suggest": {
                "decomplexity/SendOauth2": "Adapter for using XOAUTH2 authentication",
                "ext-mbstring": "Needed to send email in multibyte encoding charset or decode encoded addresses",
                "ext-openssl": "Needed for secure SMTP sending and DKIM signing",
                "greew/oauth2-azure-provider": "Needed for Microsoft Azure XOAUTH2 authentication",
                "hayageek/oauth2-yahoo": "Needed for Yahoo XOAUTH2 authentication",
                "league/oauth2-google": "Needed for Google XOAUTH2 authentication",
                "psr/log": "For optional PSR-3 debug logging",
                "symfony/polyfill-mbstring": "To support UTF-8 if the Mbstring PHP extension is not enabled (^1.2)",
                "thenetworg/oauth2-azure": "Needed for Microsoft XOAUTH2 authentication"
            },
            "type": "library",
            "autoload": {
                "psr-4": {
                    "PHPMailer\\PHPMailer\\": "src/"
                }
            },
            "notification-url": "https://packagist.org/downloads/",
            "license": [
                "LGPL-2.1-only"
            ],
            "authors": [
                {
                    "name": "Marcus Bointon",
                    "email": "phpmailer@synchromedia.co.uk"
                },
                {
                    "name": "Jim Jagielski",
                    "email": "jimjag@gmail.com"
                },
                {
                    "name": "Andy Prevost",
                    "email": "codeworxtech@users.sourceforge.net"
                },
                {
                    "name": "Brent R. Matzelle"
                }
            ],
            "description": "PHPMailer is a full-featured email creation and transfer class for PHP",
            "support": {
                "issues": "https://github.com/PHPMailer/PHPMailer/issues",
                "source": "https://github.com/PHPMailer/PHPMailer/tree/v6.12.0"
            },
            "funding": [
                {
                    "url": "https://github.com/Synchro",
                    "type": "github"
                }
            ],
            "time": "2025-10-15T16:49:08+00:00"
        },
        {
            "name": "sabberworm/php-css-parser",
            "version": "v9.4.0",
            "source": {
                "type": "git",
                "url": "https://github.com/MyIntervals/PHP-CSS-Parser.git",
                "reference": "fd3bf9fb173e0df649bc4e3e0d088a1b2417c08f"
            },
            "dist": {
                "type": "zip",
                "url": "https://api.github.com/repos/MyIntervals/PHP-CSS-Parser/zipball/fd3bf9fb173e0df649bc4e3e0d088a1b2417c08f",
                "reference": "fd3bf9fb173e0df649bc4e3e0d088a1b2417c08f",
                "shasum": ""
            },
            "require": {
                "ext-iconv": "*",
                "php": "^7.2.0 || ~8.0.0 || ~8.1.0 || ~8.2.0 || ~8.3.0 || ~8.4.0 || ~8.5.0",
                "thecodingmachine/safe": "^1.3 || ^2.5 || ^3.4"
            },
            "require-dev": {
                "php-parallel-lint/php-parallel-lint": "1.4.0",
                "phpstan/extension-installer": "1.4.3",
                "phpstan/phpstan": "1.12.33 || 2.2.2",
                "phpstan/phpstan-phpunit": "1.4.2 || 2.0.16",
                "phpstan/phpstan-strict-rules": "1.6.2 || 2.0.11",
                "phpunit/phpunit": "8.5.52",
                "rawr/phpunit-data-provider": "3.3.1",
                "rector/rector": "1.2.10 || 2.4.6",
                "rector/type-perfect": "1.0.0 || 2.1.3",
                "squizlabs/php_codesniffer": "4.0.1",
                "thecodingmachine/phpstan-safe-rule": "1.2.0 || 1.4.3"
            },
            "suggest": {
                "ext-mbstring": "for parsing UTF-8 CSS"
            },
            "type": "library",
            "extra": {
                "branch-alias": {
                    "dev-main": "9.5.x-dev"
                }
            },
            "autoload": {
                "files": [
                    "src/Rule/Rule.php",
                    "src/RuleSet/RuleContainer.php"
                ],
                "psr-4": {
                    "Sabberworm\\CSS\\": "src/"
                }
            },
            "notification-url": "https://packagist.org/downloads/",
            "license": [
                "MIT"
            ],
            "authors": [
                {
                    "name": "Raphael Schweikert"
                },
                {
                    "name": "Oliver Klee",
                    "email": "github@oliverklee.de"
                },
                {
                    "name": "Jake Hotson",
                    "email": "jake.github@qzdesign.co.uk"
                }
            ],
            "description": "Parser for CSS Files written in PHP",
            "homepage": "https://www.sabberworm.com/blog/2010/6/10/php-css-parser",
            "keywords": [
                "css",
                "parser",
                "stylesheet"
            ],
            "support": {
                "issues": "https://github.com/MyIntervals/PHP-CSS-Parser/issues",
                "source": "https://github.com/MyIntervals/PHP-CSS-Parser/tree/v9.4.0"
            },
            "time": "2026-06-18T15:10:53+00:00"
        },
        {
            "name": "symfony/deprecation-contracts",
            "version": "v3.0.2",
            "source": {
                "type": "git",
                "url": "https://github.com/symfony/deprecation-contracts.git",
                "reference": "26954b3d62a6c5fd0ea8a2a00c0353a14978d05c"
            },
            "dist": {
                "type": "zip",
                "url": "https://api.github.com/repos/symfony/deprecation-contracts/zipball/26954b3d62a6c5fd0ea8a2a00c0353a14978d05c",
                "reference": "26954b3d62a6c5fd0ea8a2a00c0353a14978d05c",
                "shasum": ""
            },
            "require": {
                "php": ">=8.0.2"
            },
            "type": "library",
            "extra": {
                "thanks": {
                    "url": "https://github.com/symfony/contracts",
                    "name": "symfony/contracts"
                },
                "branch-alias": {
                    "dev-main": "3.0-dev"
                }
            },
            "autoload": {
                "files": [
                    "function.php"
                ]
            },
            "notification-url": "https://packagist.org/downloads/",
            "license": [
                "MIT"
            ],
            "authors": [
                {
                    "name": "Nicolas Grekas",
                    "email": "p@tchwork.com"
                },
                {
                    "name": "Symfony Community",
                    "homepage": "https://symfony.com/contributors"
                }
            ],
            "description": "A generic function and convention to trigger deprecation notices",
            "homepage": "https://symfony.com",
            "support": {
                "source": "https://github.com/symfony/deprecation-contracts/tree/v3.0.2"
            },
            "funding": [
                {
                    "url": "https://symfony.com/sponsor",
                    "type": "custom"
                },
                {
                    "url": "https://github.com/fabpot",
                    "type": "github"
                },
                {
                    "url": "https://tidelift.com/funding/github/packagist/symfony/symfony",
                    "type": "tidelift"
                }
            ],
            "time": "2022-01-02T09:55:41+00:00"
        },
        {
            "name": "thecodingmachine/safe",
            "version": "v2.5.0",
            "source": {
                "type": "git",
                "url": "https://github.com/thecodingmachine/safe.git",
                "reference": "3115ecd6b4391662b4931daac4eba6b07a2ac1f0"
            },
            "dist": {
                "type": "zip",
                "url": "https://api.github.com/repos/thecodingmachine/safe/zipball/3115ecd6b4391662b4931daac4eba6b07a2ac1f0",
                "reference": "3115ecd6b4391662b4931daac4eba6b07a2ac1f0",
                "shasum": ""
            },
            "require": {
                "php": "^8.0"
            },
            "require-dev": {
                "phpstan/phpstan": "^1.5",
                "phpunit/phpunit": "^9.5",
                "squizlabs/php_codesniffer": "^3.2",
                "thecodingmachine/phpstan-strict-rules": "^1.0"
            },
            "type": "library",
            "extra": {
                "branch-alias": {
                    "dev-master": "2.2.x-dev"
                }
            },
            "autoload": {
                "files": [
                    "deprecated/apc.php",
                    "deprecated/array.php",
                    "deprecated/datetime.php",
                    "deprecated/libevent.php",
                    "deprecated/misc.php",
                    "deprecated/password.php",
                    "deprecated/mssql.php",
                    "deprecated/stats.php",
                    "deprecated/strings.php",
                    "lib/special_cases.php",
                    "deprecated/mysqli.php",
                    "generated/apache.php",
                    "generated/apcu.php",
                    "generated/array.php",
                    "generated/bzip2.php",
                    "generated/calendar.php",
                    "generated/classobj.php",
                    "generated/com.php",
                    "generated/cubrid.php",
                    "generated/curl.php",
                    "generated/datetime.php",
                    "generated/dir.php",
                    "generated/eio.php",
                    "generated/errorfunc.php",
                    "generated/exec.php",
                    "generated/fileinfo.php",
                    "generated/filesystem.php",
                    "generated/filter.php",
                    "generated/fpm.php",
                    "generated/ftp.php",
                    "generated/funchand.php",
                    "generated/gettext.php",
                    "generated/gmp.php",
                    "generated/gnupg.php",
                    "generated/hash.php",
                    "generated/ibase.php",
                    "generated/ibmDb2.php",
                    "generated/iconv.php",
                    "generated/image.php",
                    "generated/imap.php",
                    "generated/info.php",
                    "generated/inotify.php",
                    "generated/json.php",
                    "generated/ldap.php",
                    "generated/libxml.php",
                    "generated/lzf.php",
                    "generated/mailparse.php",
                    "generated/mbstring.php",
                    "generated/misc.php",
                    "generated/mysql.php",
                    "generated/network.php",
                    "generated/oci8.php",
                    "generated/opcache.php",
                    "generated/openssl.php",
                    "generated/outcontrol.php",
                    "generated/pcntl.php",
                    "generated/pcre.php",
                    "generated/pgsql.php",
                    "generated/posix.php",
                    "generated/ps.php",
                    "generated/pspell.php",
                    "generated/readline.php",
                    "generated/rpminfo.php",
                    "generated/rrd.php",
                    "generated/sem.php",
                    "generated/session.php",
                    "generated/shmop.php",
                    "generated/sockets.php",
                    "generated/sodium.php",
                    "generated/solr.php",
                    "generated/spl.php",
                    "generated/sqlsrv.php",
                    "generated/ssdeep.php",
                    "generated/ssh2.php",
                    "generated/stream.php",
                    "generated/strings.php",
                    "generated/swoole.php",
                    "generated/uodbc.php",
                    "generated/uopz.php",
                    "generated/url.php",
                    "generated/var.php",
                    "generated/xdiff.php",
                    "generated/xml.php",
                    "generated/xmlrpc.php",
                    "generated/yaml.php",
                    "generated/yaz.php",
                    "generated/zip.php",
                    "generated/zlib.php"
                ],
                "classmap": [
                    "lib/DateTime.php",
                    "lib/DateTimeImmutable.php",
                    "lib/Exceptions/",
                    "deprecated/Exceptions/",
                    "generated/Exceptions/"
                ]
            },
            "notification-url": "https://packagist.org/downloads/",
            "license": [
                "MIT"
            ],
            "description": "PHP core functions that throw exceptions instead of returning FALSE on error",
            "support": {
                "issues": "https://github.com/thecodingmachine/safe/issues",
                "source": "https://github.com/thecodingmachine/safe/tree/v2.5.0"
            },
            "time": "2023-04-05T11:54:14+00:00"
        }
    ],
    "packages-dev": [],
    "aliases": [],
    "minimum-stability": "stable",
    "stability-flags": [],
    "prefer-stable": false,
    "prefer-lowest": false,
    "platform": [],
    "platform-dev": [],
    "platform-overrides": {
        "php": "8.0.27"
    },
    "plugin-api-version": "2.6.0"
}
